
Microsoft Visual Studio Solution File, Format Version 12.00
# Visual Studio Version 16
VisualStudioVersion = 16.0.31105.61
MinimumVisualStudioVersion = 10.0.40219.1
Project("{FAE04EC0-301F-11D3-BF4B-00C04F79EFBC}") = "ClockWidget", "ClockWidget\ClockWidget.csproj", "{E60F4608-B266-411D-B049-21394F466A96}"
EndProject
Project("{54435603-DBB4-11D2-8724-00A0C9A8B90C}") = "ClockWidgetApp", "ClockWidgetApp\ClockWidgetApp.vdproj", "{9FDBDD2C-79C8-43E8-878D-DD19B7AA6996}"
EndProject
Global
	GlobalSection(SolutionConfigurationPlatforms) = preSolution
		Debug|Any CPU = Debug|Any CPU
		Release|Any CPU = Release|Any CPU
	EndGlobalSection
	GlobalSection(ProjectConfigurationPlatforms) = postSolution
		{E60F4608-B266-411D-B049-21394F466A96}.Debug|Any CPU.ActiveCfg = Debug|Any CPU
		{E60F4608-B266-411D-B049-21394F466A96}.Debug|Any CPU.Build.0 = Debug|Any CPU
		{E60F4608-B266-411D-B049-21394F466A96}.Release|Any CPU.ActiveCfg = Release|Any CPU
		{E60F4608-B266-411D-B049-21394F466A96}.Release|Any CPU.Build.0 = Release|Any CPU
		{9FDBDD2C-79C8-43E8-878D-DD19B7AA6996}.Debug|Any CPU.ActiveCfg = Debug
		{9FDBDD2C-79C8-43E8-878D-DD19B7AA6996}.Release|Any CPU.ActiveCfg = Release
	EndGlobalSection
	GlobalSection(SolutionProperties) = preSolution
		HideSolutionNode = FALSE
	EndGlobalSection
	GlobalSection(ExtensibilityGlobals) = postSolution
		SolutionGuid = {7D2E01D1-44D4-454E-A742-307080C78906}
	EndGlobalSection
EndGlobal
